
Microsoft Visual Studio Solution File, Format Version 12.00
# Visual Studio Version 16
VisualStudioVersion = 16.0.32002.261
MinimumVisualStudioVersion = 10.0.40219.1
Project("{FAE04EC0-301F-11D3-BF4B-00C04F79EFBC}") = "WebApi", "WebApi\WebApi.csproj", "{C12CF15B-F8E1-4795-BC2B-7DE9CA908D13}"
EndProject
Global
	GlobalSection(SolutionConfigurationPlatforms) = preSolution
		Debug|Any CPU = Debug|Any CPU
		Release|Any CPU = Release|Any CPU
	EndGlobalSection
	GlobalSection(ProjectConfigurationPlatforms) = postSolution
		{C12CF15B-F8E1-4795-BC2B-7DE9CA908D13}.Debug|Any CPU.ActiveCfg = Debug|Any CPU
		{C12CF15B-F8E1-4795-BC2B-7DE9CA908D13}.Debug|Any CPU.Build.0 = Debug|Any CPU
		{C12CF15B-F8E1-4795-BC2B-7DE9CA908D13}.Release|Any CPU.ActiveCfg = Release|Any CPU
		{C12CF15B-F8E1-4795-BC2B-7DE9CA908D13}.Release|Any CPU.Build.0 = Release|Any CPU
	EndGlobalSection
	GlobalSection(SolutionProperties) = preSolution
		HideSolutionNode = FALSE
	EndGlobalSection
	GlobalSection(ExtensibilityGlobals) = postSolution
		SolutionGuid = {20EE38A4-B418-48E0-9F73-B192B6E8A81D}
	EndGlobalSection
EndGlobal
